// !$*UTF8*$!
{
	archiveVersion = 1;
	classes = {
	};
	objectVersion = 56;
	objects = {

/* Begin PBXBuildFile section */
		862C34A22BF6658300A353E5 /* ZTableView.docc in Sources */ = {isa = PBXBuildFile; fileRef = 862C34A12BF6658300A353E5 /* ZTableView.docc */; };
		862C34A82BF6658400A353E5 /* ZTableView.framework in Frameworks */ = {isa = PBXBuildFile; fileRef = 862C349D2BF6658300A353E5 /* ZTableView.framework */; };
		862C34AD2BF6658400A353E5 /* ZTableViewTests.swift in Sources */ = {isa = PBXBuildFile; fileRef = 862C34AC2BF6658400A353E5 /* ZTableViewTests.swift */; };
		862C34AE2BF6658400A353E5 /* ZTableView.h in Headers */ = {isa = PBXBuildFile; fileRef = 862C34A02BF6658300A353E5 /* ZTableView.h */; settings = {ATTRIBUTES = (Public, ); }; };
		862C34B92BFA531A00A353E5 /* ZTableViewCell.swift in Sources */ = {isa = PBXBuildFile; fileRef = 862C34B82BFA531A00A353E5 /* ZTableViewCell.swift */; };
		862C34BB2BFA532E00A353E5 /* ZTableView.swift in Sources */ = {isa = PBXBuildFile; fileRef = 862C34BA2BFA532E00A353E5 /* ZTableView.swift */; };
		862C34C32BFA537300A353E5 /* ZTableViewDemoApp.swift in Sources */ = {isa = PBXBuildFile; fileRef = 862C34C22BFA537300A353E5 /* ZTableViewDemoApp.swift */; };
		862C34C52BFA537300A353E5 /* ContentView.swift in Sources */ = {isa = PBXBuildFile; fileRef = 862C34C42BFA537300A353E5 /* ContentView.swift */; };
		862C34C72BFA537500A353E5 /* Assets.xcassets in Resources */ = {isa = PBXBuildFile; fileRef = 862C34C62BFA537500A353E5 /* Assets.xcassets */; };
		862C34CB2BFA537500A353E5 /* Preview Assets.xcassets in Resources */ = {isa = PBXBuildFile; fileRef = 862C34CA2BFA537500A353E5 /* Preview Assets.xcassets */; };
		862C34D52BFA537600A353E5 /* ZTableViewDemoTests.swift in Sources */ = {isa = PBXBuildFile; fileRef = 862C34D42BFA537600A353E5 /* ZTableViewDemoTests.swift */; };
		862C34DF2BFA537600A353E5 /* ZTableViewDemoUITests.swift in Sources */ = {isa = PBXBuildFile; fileRef = 862C34DE2BFA537600A353E5 /* ZTableViewDemoUITests.swift */; };
		862C34E12BFA537600A353E5 /* ZTableViewDemoUITestsLaunchTests.swift in Sources */ = {isa = PBXBuildFile; fileRef = 862C34E02BFA537600A353E5 /* ZTableViewDemoUITestsLaunchTests.swift */; };
		862C34F02BFA551100A353E5 /* ZTableViewNode.swift in Sources */ = {isa = PBXBuildFile; fileRef = 862C34EF2BFA551100A353E5 /* ZTableViewNode.swift */; };
		862C34F22BFA552100A353E5 /* ZTableViewSection.swift in Sources */ = {isa = PBXBuildFile; fileRef = 862C34F12BFA552100A353E5 /* ZTableViewSection.swift */; };
/* End PBXBuildFile section */

/* Begin PBXContainerItemProxy section */
		862C34A92BF6658400A353E5 /* PBXContainerItemProxy */ = {
			isa = PBXContainerItemProxy;
			containerPortal = 862C34942BF6658300A353E5 /* Project object */;
			proxyType = 1;
			remoteGlobalIDString = 862C349C2BF6658300A353E5;
			remoteInfo = ZTableView;
		};
		862C34D12BFA537600A353E5 /* PBXContainerItemProxy */ = {
			isa = PBXContainerItemProxy;
			containerPortal = 862C34942BF6658300A353E5 /* Project object */;
			proxyType = 1;
			remoteGlobalIDString = 862C34BF2BFA537300A353E5;
			remoteInfo = ZTableViewDemo;
		};
		862C34DB2BFA537600A353E5 /* PBXContainerItemProxy */ = {
			isa = PBXContainerItemProxy;
			containerPortal = 862C34942BF6658300A353E5 /* Project object */;
			proxyType = 1;
			remoteGlobalIDString = 862C34BF2BFA537300A353E5;
			remoteInfo = ZTableViewDemo;
		};
/* End PBXContainerItemProxy section */

/* Begin PBXFileReference section */
		862C349D2BF6658300A353E5 /* ZTableView.framework */ = {isa = PBXFileReference; explicitFileType = wrapper.framework; includeInIndex = 0; path = ZTableView.framework; sourceTree = BUILT_PRODUCTS_DIR; };
		862C34A02BF6658300A353E5 /* ZTableView.h */ = {isa = PBXFileReference; lastKnownFileType = sourcecode.c.h; path = ZTableView.h; sourceTree = "<group>"; };
		862C34A12BF6658300A353E5 /* ZTableView.docc */ = {isa = PBXFileReference; lastKnownFileType = folder.documentationcatalog; path = ZTableView.docc; sourceTree = "<group>"; };
		862C34A72BF6658400A353E5 /* ZTableViewTests.xctest */ = {isa = PBXFileReference; explicitFileType = wrapper.cfbundle; includeInIndex = 0; path = ZTableViewTests.xctest; sourceTree = BUILT_PRODUCTS_DIR; };
		862C34AC2BF6658400A353E5 /* ZTableViewTests.swift */ = {isa = PBXFileReference; lastKnownFileType = sourcecode.swift; path = ZTableViewTests.swift; sourceTree = "<group>"; };
		862C34B82BFA531A00A353E5 /* ZTableViewCell.swift */ = {isa = PBXFileReference; lastKnownFileType = sourcecode.swift; path = ZTableViewCell.swift; sourceTree = "<group>"; };
		862C34BA2BFA532E00A353E5 /* ZTableView.swift */ = {isa = PBXFileReference; lastKnownFileType = sourcecode.swift; path = ZTableView.swift; sourceTree = "<group>"; };
		862C34C02BFA537300A353E5 /* ZTableViewDemo.app */ = {isa = PBXFileReference; explicitFileType = wrapper.application; includeInIndex = 0; path = ZTableViewDemo.app; sourceTree = BUILT_PRODUCTS_DIR; };
		862C34C22BFA537300A353E5 /* ZTableViewDemoApp.swift */ = {isa = PBXFileReference; lastKnownFileType = sourcecode.swift; path = ZTableViewDemoApp.swift; sourceTree = "<group>"; };
		862C34C42BFA537300A353E5 /* ContentView.swift */ = {isa = PBXFileReference; lastKnownFileType = sourcecode.swift; path = ContentView.swift; sourceTree = "<group>"; };
		862C34C62BFA537500A353E5 /* Assets.xcassets */ = {isa = PBXFileReference; lastKnownFileType = folder.assetcatalog; path = Assets.xcassets; sourceTree = "<group>"; };
		862C34C82BFA537500A353E5 /* ZTableViewDemo.entitlements */ = {isa = PBXFileReference; lastKnownFileType = text.plist.entitlements; path = ZTableViewDemo.entitlements; sourceTree = "<group>"; };
		862C34CA2BFA537500A353E5 /* Preview Assets.xcassets */ = {isa = PBXFileReference; lastKnownFileType = folder.assetcatalog; path = "Preview Assets.xcassets"; sourceTree = "<group>"; };
		862C34D02BFA537600A353E5 /* ZTableViewDemoTests.xctest */ = {isa = PBXFileReference; explicitFileType = wrapper.cfbundle; includeInIndex = 0; path = ZTableViewDemoTests.xctest; sourceTree = BUILT_PRODUCTS_DIR; };
		862C34D42BFA537600A353E5 /* ZTableViewDemoTests.swift */ = {isa = PBXFileReference; lastKnownFileType = sourcecode.swift; path = ZTableViewDemoTests.swift; sourceTree = "<group>"; };
		862C34DA2BFA537600A353E5 /* ZTableViewDemoUITests.xctest */ = {isa = PBXFileReference; explicitFileType = wrapper.cfbundle; includeInIndex = 0; path = ZTableViewDemoUITests.xctest; sourceTree = BUILT_PRODUCTS_DIR; };
		862C34DE2BFA537600A353E5 /* ZTableViewDemoUITests.swift */ = {isa = PBXFileReference; lastKnownFileType = sourcecode.swift; path = ZTableViewDemoUITests.swift; sourceTree = "<group>"; };
		862C34E02BFA537600A353E5 /* ZTableViewDemoUITestsLaunchTests.swift */ = {isa = PBXFileReference; lastKnownFileType = sourcecode.swift; path = ZTableViewDemoUITestsLaunchTests.swift; sourceTree = "<group>"; };
		862C34EF2BFA551100A353E5 /* ZTableViewNode.swift */ = {isa = PBXFileReference; lastKnownFileType = sourcecode.swift; path = ZTableViewNode.swift; sourceTree = "<group>"; };
		862C34F12BFA552100A353E5 /* ZTableViewSection.swift */ = {isa = PBXFileReference; lastKnownFileType = sourcecode.swift; path = ZTableViewSection.swift; sourceTree = "<group>"; };
/* End PBXFileReference section */

/* Begin PBXFrameworksBuildPhase section */
		862C349A2BF6658300A353E5 /* Frameworks */ = {
			isa = PBXFrameworksBuildPhase;
			buildActionMask = 2147483647;
			files = (
			);
			runOnlyForDeploymentPostprocessing = 0;
		};
		862C34A42BF6658400A353E5 /* Frameworks */ = {
			isa = PBXFrameworksBuildPhase;
			buildActionMask = 2147483647;
			files = (
				862C34A82BF6658400A353E5 /* ZTableView.framework in Frameworks */,
			);
			runOnlyForDeploymentPostprocessing = 0;
		};
		862C34BD2BFA537300A353E5 /* Frameworks */ = {
			isa = PBXFrameworksBuildPhase;
			buildActionMask = 2147483647;
			files = (
			);
			runOnlyForDeploymentPostprocessing = 0;
		};
		862C34CD2BFA537600A353E5 /* Frameworks */ = {
			isa = PBXFrameworksBuildPhase;
			buildActionMask = 2147483647;
			files = (
			);
			runOnlyForDeploymentPostprocessing = 0;
		};
		862C34D72BFA537600A353E5 /* Frameworks */ = {
			isa = PBXFrameworksBuildPhase;
			buildActionMask = 2147483647;
			files = (
			);
			runOnlyForDeploymentPostprocessing = 0;
		};
/* End PBXFrameworksBuildPhase section */

/* Begin PBXGroup section */
		862C34932BF6658300A353E5 = {
			isa = PBXGroup;
			children = (
				862C34EC2BFA545000A353E5 /* View */,
				862C34EB2BFA543E00A353E5 /* Model */,
				862C349F2BF6658300A353E5 /* ZTableView */,
				862C34AB2BF6658400A353E5 /* ZTableViewTests */,
				862C34C12BFA537300A353E5 /* ZTableViewDemo */,
				862C34D32BFA537600A353E5 /* ZTableViewDemoTests */,
				862C34DD2BFA537600A353E5 /* ZTableViewDemoUITests */,
				862C349E2BF6658300A353E5 /* Products */,
			);
			sourceTree = "<group>";
		};
		862C349E2BF6658300A353E5 /* Products */ = {
			isa = PBXGroup;
			children = (
				862C349D2BF6658300A353E5 /* ZTableView.framework */,
				862C34A72BF6658400A353E5 /* ZTableViewTests.xctest */,
				862C34C02BFA537300A353E5 /* ZTableViewDemo.app */,
				862C34D02BFA537600A353E5 /* ZTableViewDemoTests.xctest */,
				862C34DA2BFA537600A353E5 /* ZTableViewDemoUITests.xctest */,
			);
			name = Products;
			sourceTree = "<group>";
		};
		862C349F2BF6658300A353E5 /* ZTableView */ = {
			isa = PBXGroup;
			children = (
				862C34A02BF6658300A353E5 /* ZTableView.h */,
				862C34A12BF6658300A353E5 /* ZTableView.docc */,
			);
			path = ZTableView;
			sourceTree = "<group>";
		};
		862C34AB2BF6658400A353E5 /* ZTableViewTests */ = {
			isa = PBXGroup;
			children = (
				862C34AC2BF6658400A353E5 /* ZTableViewTests.swift */,
			);
			path = ZTableViewTests;
			sourceTree = "<group>";
		};
		862C34C12BFA537300A353E5 /* ZTableViewDemo */ = {
			isa = PBXGroup;
			children = (
				862C34C22BFA537300A353E5 /* ZTableViewDemoApp.swift */,
				862C34C42BFA537300A353E5 /* ContentView.swift */,
				862C34C62BFA537500A353E5 /* Assets.xcassets */,
				862C34C82BFA537500A353E5 /* ZTableViewDemo.entitlements */,
				862C34C92BFA537500A353E5 /* Preview Content */,
			);
			path = ZTableViewDemo;
			sourceTree = "<group>";
		};
		862C34C92BFA537500A353E5 /* Preview Content */ = {
			isa = PBXGroup;
			children = (
				862C34CA2BFA537500A353E5 /* Preview Assets.xcassets */,
			);
			path = "Preview Content";
			sourceTree = "<group>";
		};
		862C34D32BFA537600A353E5 /* ZTableViewDemoTests */ = {
			isa = PBXGroup;
			children = (
				862C34D42BFA537600A353E5 /* ZTableViewDemoTests.swift */,
			);
			path = ZTableViewDemoTests;
			sourceTree = "<group>";
		};
		862C34DD2BFA537600A353E5 /* ZTableViewDemoUITests */ = {
			isa = PBXGroup;
			children = (
				862C34DE2BFA537600A353E5 /* ZTableViewDemoUITests.swift */,
				862C34E02BFA537600A353E5 /* ZTableViewDemoUITestsLaunchTests.swift */,
			);
			path = ZTableViewDemoUITests;
			sourceTree = "<group>";
		};
		862C34EB2BFA543E00A353E5 /* Model */ = {
			isa = PBXGroup;
			children = (
				862C34EF2BFA551100A353E5 /* ZTableViewNode.swift */,
				862C34F12BFA552100A353E5 /* ZTableViewSection.swift */,
			);
			path = Model;
			sourceTree = "<group>";
		};
		862C34EC2BFA545000A353E5 /* View */ = {
			isa = PBXGroup;
			children = (
				862C34B82BFA531A00A353E5 /* ZTableViewCell.swift */,
				862C34BA2BFA532E00A353E5 /* ZTableView.swift */,
			);
			path = View;
			sourceTree = "<group>";
		};
/* End PBXGroup section */

/* Begin PBXHeadersBuildPhase section */
		862C34982BF6658300A353E5 /* Headers */ = {
			isa = PBXHeadersBuildPhase;
			buildActionMask = 2147483647;
			files = (
				862C34AE2BF6658400A353E5 /* ZTableView.h in Headers */,
			);
			runOnlyForDeploymentPostprocessing = 0;
		};
/* End PBXHeadersBuildPhase section */

/* Begin PBXNativeTarget section */
		862C349C2BF6658300A353E5 /* ZTableView */ = {
			isa = PBXNativeTarget;
			buildConfigurationList = 862C34B12BF6658400A353E5 /* Build configuration list for PBXNativeTarget "ZTableView" */;
			buildPhases = (
				862C34982BF6658300A353E5 /* Headers */,
				862C34992BF6658300A353E5 /* Sources */,
				862C349A2BF6658300A353E5 /* Frameworks */,
				862C349B2BF6658300A353E5 /* Resources */,
			);
			buildRules = (
			);
			dependencies = (
			);
			name = ZTableView;
			productName = ZTableView;
			productReference = 862C349D2BF6658300A353E5 /* ZTableView.framework */;
			productType = "com.apple.product-type.framework";
		};
		862C34A62BF6658400A353E5 /* ZTableViewTests */ = {
			isa = PBXNativeTarget;
			buildConfigurationList = 862C34B42BF6658400A353E5 /* Build configuration list for PBXNativeTarget "ZTableViewTests" */;
			buildPhases = (
				862C34A32BF6658400A353E5 /* Sources */,
				862C34A42BF6658400A353E5 /* Frameworks */,
				862C34A52BF6658400A353E5 /* Resources */,
			);
			buildRules = (
			);
			dependencies = (
				862C34AA2BF6658400A353E5 /* PBXTargetDependency */,
			);
			name = ZTableViewTests;
			productName = ZTableViewTests;
			productReference = 862C34A72BF6658400A353E5 /* ZTableViewTests.xctest */;
			productType = "com.apple.product-type.bundle.unit-test";
		};
		862C34BF2BFA537300A353E5 /* ZTableViewDemo */ = {
			isa = PBXNativeTarget;
			buildConfigurationList = 862C34E22BFA537600A353E5 /* Build configuration list for PBXNativeTarget "ZTableViewDemo" */;
			buildPhases = (
				862C34BC2BFA537300A353E5 /* Sources */,
				862C34BD2BFA537300A353E5 /* Frameworks */,
				862C34BE2BFA537300A353E5 /* Resources */,
			);
			buildRules = (
			);
			dependencies = (
			);
			name = ZTableViewDemo;
			productName = ZTableViewDemo;
			productReference = 862C34C02BFA537300A353E5 /* ZTableViewDemo.app */;
			productType = "com.apple.product-type.application";
		};
		862C34CF2BFA537600A353E5 /* ZTableViewDemoTests */ = {
			isa = PBXNativeTarget;
			buildConfigurationList = 862C34E52BFA537600A353E5 /* Build configuration list for PBXNativeTarget "ZTableViewDemoTests" */;
			buildPhases = (
				862C34CC2BFA537600A353E5 /* Sources */,
				862C34CD2BFA537600A353E5 /* Frameworks */,
				862C34CE2BFA537600A353E5 /* Resources */,
			);
			buildRules = (
			);
			dependencies = (
				862C34D22BFA537600A353E5 /* PBXTargetDependency */,
			);
			name = ZTableViewDemoTests;
			productName = ZTableViewDemoTests;
			productReference = 862C34D02BFA537600A353E5 /* ZTableViewDemoTests.xctest */;
			productType = "com.apple.product-type.bundle.unit-test";
		};
		862C34D92BFA537600A353E5 /* ZTableViewDemoUITests */ = {
			isa = PBXNativeTarget;
			buildConfigurationList = 862C34E82BFA537600A353E5 /* Build configuration list for PBXNativeTarget "ZTableViewDemoUITests" */;
			buildPhases = (
				862C34D62BFA537600A353E5 /* Sources */,
				862C34D72BFA537600A353E5 /* Frameworks */,
				862C34D82BFA537600A353E5 /* Resources */,
			);
			buildRules = (
			);
			dependencies = (
				862C34DC2BFA537600A353E5 /* PBXTargetDependency */,
			);
			name = ZTableViewDemoUITests;
			productName = ZTableViewDemoUITests;
			productReference = 862C34DA2BFA537600A353E5 /* ZTableViewDemoUITests.xctest */;
			productType = "com.apple.product-type.bundle.ui-testing";
		};
/* End PBXNativeTarget section */

/* Begin PBXProject section */
		862C34942BF6658300A353E5 /* Project object */ = {
			isa = PBXProject;
			attributes = {
				BuildIndependentTargetsInParallel = 1;
				LastSwiftUpdateCheck = 1540;
				LastUpgradeCheck = 1540;
				TargetAttributes = {
					862C349C2BF6658300A353E5 = {
						CreatedOnToolsVersion = 15.4;
					};
					862C34A62BF6658400A353E5 = {
						CreatedOnToolsVersion = 15.4;
					};
					862C34BF2BFA537300A353E5 = {
						CreatedOnToolsVersion = 15.4;
					};
					862C34CF2BFA537600A353E5 = {
						CreatedOnToolsVersion = 15.4;
						TestTargetID = 862C34BF2BFA537300A353E5;
					};
					862C34D92BFA537600A353E5 = {
						CreatedOnToolsVersion = 15.4;
						TestTargetID = 862C34BF2BFA537300A353E5;
					};
				};
			};
			buildConfigurationList = 862C34972BF6658300A353E5 /* Build configuration list for PBXProject "ZTableView" */;
			compatibilityVersion = "Xcode 14.0";
			developmentRegion = en;
			hasScannedForEncodings = 0;
			knownRegions = (
				en,
				Base,
			);
			mainGroup = 862C34932BF6658300A353E5;
			productRefGroup = 862C349E2BF6658300A353E5 /* Products */;
			projectDirPath = "";
			projectRoot = "";
			targets = (
				862C349C2BF6658300A353E5 /* ZTableView */,
				862C34A62BF6658400A353E5 /* ZTableViewTests */,
				862C34BF2BFA537300A353E5 /* ZTableViewDemo */,
				862C34CF2BFA537600A353E5 /* ZTableViewDemoTests */,
				862C34D92BFA537600A353E5 /* ZTableViewDemoUITests */,
			);
		};
/* End PBXProject section */

/* Begin PBXResourcesBuildPhase section */
		862C349B2BF6658300A353E5 /* Resources */ = {
			isa = PBXResourcesBuildPhase;
			buildActionMask = 2147483647;
			files = (
			);
			runOnlyForDeploymentPostprocessing = 0;
		};
		862C34A52BF6658400A353E5 /* Resources */ = {
			isa = PBXResourcesBuildPhase;
			buildActionMask = 2147483647;
			files = (
			);
			runOnlyForDeploymentPostprocessing = 0;
		};
		862C34BE2BFA537300A353E5 /* Resources */ = {
			isa = PBXResourcesBuildPhase;
			buildActionMask = 2147483647;
			files = (
				862C34CB2BFA537500A353E5 /* Preview Assets.xcassets in Resources */,
				862C34C72BFA537500A353E5 /* Assets.xcassets in Resources */,
			);
			runOnlyForDeploymentPostprocessing = 0;
		};
		862C34CE2BFA537600A353E5 /* Resources */ = {
			isa = PBXResourcesBuildPhase;
			buildActionMask = 2147483647;
			files = (
			);
			runOnlyForDeploymentPostprocessing = 0;
		};
		862C34D82BFA537600A353E5 /* Resources */ = {
			isa = PBXResourcesBuildPhase;
			buildActionMask = 2147483647;
			files = (
			);
			runOnlyForDeploymentPostprocessing = 0;
		};
/* End PBXResourcesBuildPhase section */

/* Begin PBXSourcesBuildPhase section */
		862C34992BF6658300A353E5 /* Sources */ = {
			isa = PBXSourcesBuildPhase;
			buildActionMask = 2147483647;
			files = (
				862C34BB2BFA532E00A353E5 /* ZTableView.swift in Sources */,
				862C34B92BFA531A00A353E5 /* ZTableViewCell.swift in Sources */,
				862C34F02BFA551100A353E5 /* ZTableViewNode.swift in Sources */,
				862C34F22BFA552100A353E5 /* ZTableViewSection.swift in Sources */,
				862C34A22BF6658300A353E5 /* ZTableView.docc in Sources */,
			);
			runOnlyForDeploymentPostprocessing = 0;
		};
		862C34A32BF6658400A353E5 /* Sources */ = {
			isa = PBXSourcesBuildPhase;
			buildActionMask = 2147483647;
			files = (
				862C34AD2BF6658400A353E5 /* ZTableViewTests.swift in Sources */,
			);
			runOnlyForDeploymentPostprocessing = 0;
		};
		862C34BC2BFA537300A353E5 /* Sources */ = {
			isa = PBXSourcesBuildPhase;
			buildActionMask = 2147483647;
			files = (
				862C34C52BFA537300A353E5 /* ContentView.swift in Sources */,
				862C34C32BFA537300A353E5 /* ZTableViewDemoApp.swift in Sources */,
			);
			runOnlyForDeploymentPostprocessing = 0;
		};
		862C34CC2BFA537600A353E5 /* Sources */ = {
			isa = PBXSourcesBuildPhase;
			buildActionMask = 2147483647;
			files = (
				862C34D52BFA537600A353E5 /* ZTableViewDemoTests.swift in Sources */,
			);
			runOnlyForDeploymentPostprocessing = 0;
		};
		862C34D62BFA537600A353E5 /* Sources */ = {
			isa = PBXSourcesBuildPhase;
			buildActionMask = 2147483647;
			files = (
				862C34E12BFA537600A353E5 /* ZTableViewDemoUITestsLaunchTests.swift in Sources */,
				862C34DF2BFA537600A353E5 /* ZTableViewDemoUITests.swift in Sources */,
			);
			runOnlyForDeploymentPostprocessing = 0;
		};
/* End PBXSourcesBuildPhase section */

/* Begin PBXTargetDependency section */
		862C34AA2BF6658400A353E5 /* PBXTargetDependency */ = {
			isa = PBXTargetDependency;
			target = 862C349C2BF6658300A353E5 /* ZTableView */;
			targetProxy = 862C34A92BF6658400A353E5 /* PBXContainerItemProxy */;
		};
		862C34D22BFA537600A353E5 /* PBXTargetDependency */ = {
			isa = PBXTargetDependency;
			target = 862C34BF2BFA537300A353E5 /* ZTableViewDemo */;
			targetProxy = 862C34D12BFA537600A353E5 /* PBXContainerItemProxy */;
		};
		862C34DC2BFA537600A353E5 /* PBXTargetDependency */ = {
			isa = PBXTargetDependency;
			target = 862C34BF2BFA537300A353E5 /* ZTableViewDemo */;
			targetProxy = 862C34DB2BFA537600A353E5 /* PBXContainerItemProxy */;
		};
/* End PBXTargetDependency section */

/* Begin XCBuildConfiguration section */
		862C34AF2BF6658400A353E5 /* Debug */ = {
			isa = XCBuildConfiguration;
			buildSettings = {
				ALWAYS_SEARCH_USER_PATHS = NO;
				ASSETCATALOG_COMPILER_GENERATE_SWIFT_ASSET_SYMBOL_EXTENSIONS = YES;
				CLANG_ANALYZER_NONNULL = YES;
				CLANG_ANALYZER_NUMBER_OBJECT_CONVERSION = YES_AGGRESSIVE;
				CLANG_CXX_LANGUAGE_STANDARD = "gnu++20";
				CLANG_ENABLE_MODULES = YES;
				CLANG_ENABLE_OBJC_ARC = YES;
				CLANG_ENABLE_OBJC_WEAK = YES;
				CLANG_WARN_BLOCK_CAPTURE_AUTORELEASING = YES;
				CLANG_WARN_BOOL_CONVERSION = YES;
				CLANG_WARN_COMMA = YES;
				CLANG_WARN_CONSTANT_CONVERSION = YES;
				CLANG_WARN_DEPRECATED_OBJC_IMPLEMENTATIONS = YES;
				CLANG_WARN_DIRECT_OBJC_ISA_USAGE = YES_ERROR;
				CLANG_WARN_DOCUMENTATION_COMMENTS = YES;
				CLANG_WARN_EMPTY_BODY = YES;
				CLANG_WARN_ENUM_CONVERSION = YES;
				CLANG_WARN_INFINITE_RECURSION = YES;
				CLANG_WARN_INT_CONVERSION = YES;
				CLANG_WARN_NON_LITERAL_NULL_CONVERSION = YES;
				CLANG_WARN_OBJC_IMPLICIT_RETAIN_SELF = YES;
				CLANG_WARN_OBJC_LITERAL_CONVERSION = YES;
				CLANG_WARN_OBJC_ROOT_CLASS = YES_ERROR;
				CLANG_WARN_QUOTED_INCLUDE_IN_FRAMEWORK_HEADER = YES;
				CLANG_WARN_RANGE_LOOP_ANALYSIS = YES;
				CLANG_WARN_STRICT_PROTOTYPES = YES;
				CLANG_WARN_SUSPICIOUS_MOVE = YES;
				CLANG_WARN_UNGUARDED_AVAILABILITY = YES_AGGRESSIVE;
				CLANG_WARN_UNREACHABLE_CODE = YES;
				CLANG_WARN__DUPLICATE_METHOD_MATCH = YES;
				COPY_PHASE_STRIP = NO;
				CURRENT_PROJECT_VERSION = 1;
				DEBUG_INFORMATION_FORMAT = dwarf;
				ENABLE_STRICT_OBJC_MSGSEND = YES;
				ENABLE_TESTABILITY = YES;
				ENABLE_USER_SCRIPT_SANDBOXING = YES;
				GCC_C_LANGUAGE_STANDARD = gnu17;
				GCC_DYNAMIC_NO_PIC = NO;
				GCC_NO_COMMON_BLOCKS = YES;
				GCC_OPTIMIZATION_LEVEL = 0;
				GCC_PREPROCESSOR_DEFINITIONS = (
					"DEBUG=1",
					"$(inherited)",
				);
				GCC_WARN_64_TO_32_BIT_CONVERSION = YES;
				GCC_WARN_ABOUT_RETURN_TYPE = YES_ERROR;
				GCC_WARN_UNDECLARED_SELECTOR = YES;
				GCC_WARN_UNINITIALIZED_AUTOS = YES_AGGRESSIVE;
				GCC_WARN_UNUSED_FUNCTION = YES;
				GCC_WARN_UNUSED_VARIABLE = YES;
				IPHONEOS_DEPLOYMENT_TARGET = 17.5;
				LOCALIZATION_PREFERS_STRING_CATALOGS = YES;
				MTL_ENABLE_DEBUG_INFO = INCLUDE_SOURCE;
				MTL_FAST_MATH = YES;
				ONLY_ACTIVE_ARCH = YES;
				SDKROOT = iphoneos;
				SWIFT_ACTIVE_COMPILATION_CONDITIONS = "DEBUG $(inherited)";
				SWIFT_OPTIMIZATION_LEVEL = "-Onone";
				VERSIONING_SYSTEM = "apple-generic";
				VERSION_INFO_PREFIX = "";
			};
			name = Debug;
		};
		862C34B02BF6658400A353E5 /* Release */ = {
			isa = XCBuildConfiguration;
			buildSettings = {
				ALWAYS_SEARCH_USER_PATHS = NO;
				ASSETCATALOG_COMPILER_GENERATE_SWIFT_ASSET_SYMBOL_EXTENSIONS = YES;
				CLANG_ANALYZER_NONNULL = YES;
				CLANG_ANALYZER_NUMBER_OBJECT_CONVERSION = YES_AGGRESSIVE;
				CLANG_CXX_LANGUAGE_STANDARD = "gnu++20";
				CLANG_ENABLE_MODULES = YES;
				CLANG_ENABLE_OBJC_ARC = YES;
				CLANG_ENABLE_OBJC_WEAK = YES;
				CLANG_WARN_BLOCK_CAPTURE_AUTORELEASING = YES;
				CLANG_WARN_BOOL_CONVERSION = YES;
				CLANG_WARN_COMMA = YES;
				CLANG_WARN_CONSTANT_CONVERSION = YES;
				CLANG_WARN_DEPRECATED_OBJC_IMPLEMENTATIONS = YES;
				CLANG_WARN_DIRECT_OBJC_ISA_USAGE = YES_ERROR;
				CLANG_WARN_DOCUMENTATION_COMMENTS = YES;
				CLANG_WARN_EMPTY_BODY = YES;
				CLANG_WARN_ENUM_CONVERSION = YES;
				CLANG_WARN_INFINITE_RECURSION = YES;
				CLANG_WARN_INT_CONVERSION = YES;
				CLANG_WARN_NON_LITERAL_NULL_CONVERSION = YES;
				CLANG_WARN_OBJC_IMPLICIT_RETAIN_SELF = YES;
				CLANG_WARN_OBJC_LITERAL_CONVERSION = YES;
				CLANG_WARN_OBJC_ROOT_CLASS = YES_ERROR;
				CLANG_WARN_QUOTED_INCLUDE_IN_FRAMEWORK_HEADER = YES;
				CLANG_WARN_RANGE_LOOP_ANALYSIS = YES;
				CLANG_WARN_STRICT_PROTOTYPES = YES;
				CLANG_WARN_SUSPICIOUS_MOVE = YES;
				CLANG_WARN_UNGUARDED_AVAILABILITY = YES_AGGRESSIVE;
				CLANG_WARN_UNREACHABLE_CODE = YES;
				CLANG_WARN__DUPLICATE_METHOD_MATCH = YES;
				COPY_PHASE_STRIP = NO;
				CURRENT_PROJECT_VERSION = 1;
				DEBUG_INFORMATION_FORMAT = "dwarf-with-dsym";
				ENABLE_NS_ASSERTIONS = NO;
				ENABLE_STRICT_OBJC_MSGSEND = YES;
				ENABLE_USER_SCRIPT_SANDBOXING = YES;
				GCC_C_LANGUAGE_STANDARD = gnu17;
				GCC_NO_COMMON_BLOCKS = YES;
				GCC_WARN_64_TO_32_BIT_CONVERSION = YES;
				GCC_WARN_ABOUT_RETURN_TYPE = YES_ERROR;
				GCC_WARN_UNDECLARED_SELECTOR = YES;
				GCC_WARN_UNINITIALIZED_AUTOS = YES_AGGRESSIVE;
				GCC_WARN_UNUSED_FUNCTION = YES;
				GCC_WARN_UNUSED_VARIABLE = YES;
				IPHONEOS_DEPLOYMENT_TARGET = 17.5;
				LOCALIZATION_PREFERS_STRING_CATALOGS = YES;
				MTL_ENABLE_DEBUG_INFO = NO;
				MTL_FAST_MATH = YES;
				SDKROOT = iphoneos;
				SWIFT_COMPILATION_MODE = wholemodule;
				VALIDATE_PRODUCT = YES;
				VERSIONING_SYSTEM = "apple-generic";
				VERSION_INFO_PREFIX = "";
			};
			name = Release;
		};
		862C34B22BF6658400A353E5 /* Debug */ = {
			isa = XCBuildConfiguration;
			buildSettings = {
				BUILD_LIBRARY_FOR_DISTRIBUTION = YES;
				CODE_SIGN_STYLE = Automatic;
				CURRENT_PROJECT_VERSION = 1;
				DEFINES_MODULE = YES;
				DEVELOPMENT_TEAM = HYFTBH4WLL;
				DYLIB_COMPATIBILITY_VERSION = 1;
				DYLIB_CURRENT_VERSION = 1;
				DYLIB_INSTALL_NAME_BASE = "@rpath";
				ENABLE_MODULE_VERIFIER = YES;
				GENERATE_INFOPLIST_FILE = YES;
				INFOPLIST_KEY_NSHumanReadableCopyright = "";
				INSTALL_PATH = "$(LOCAL_LIBRARY_DIR)/Frameworks";
				LD_RUNPATH_SEARCH_PATHS = (
					"$(inherited)",
					"@executable_path/Frameworks",
					"@loader_path/Frameworks",
				);
				MARKETING_VERSION = 1.0;
				MODULE_VERIFIER_SUPPORTED_LANGUAGES = "objective-c objective-c++";
				MODULE_VERIFIER_SUPPORTED_LANGUAGE_STANDARDS = "gnu17 gnu++20";
				PRODUCT_BUNDLE_IDENTIFIER = com.z.ZTableView;
				PRODUCT_NAME = "$(TARGET_NAME:c99extidentifier)";
				SKIP_INSTALL = YES;
				SWIFT_EMIT_LOC_STRINGS = YES;
				SWIFT_INSTALL_OBJC_HEADER = NO;
				SWIFT_VERSION = 5.0;
				TARGETED_DEVICE_FAMILY = "1,2";
			};
			name = Debug;
		};
		862C34B32BF6658400A353E5 /* Release */ = {
			isa = XCBuildConfiguration;
			buildSettings = {
				BUILD_LIBRARY_FOR_DISTRIBUTION = YES;
				CODE_SIGN_STYLE = Automatic;
				CURRENT_PROJECT_VERSION = 1;
				DEFINES_MODULE = YES;
				DEVELOPMENT_TEAM = HYFTBH4WLL;
				DYLIB_COMPATIBILITY_VERSION = 1;
				DYLIB_CURRENT_VERSION = 1;
				DYLIB_INSTALL_NAME_BASE = "@rpath";
				ENABLE_MODULE_VERIFIER = YES;
				GENERATE_INFOPLIST_FILE = YES;
				INFOPLIST_KEY_NSHumanReadableCopyright = "";
				INSTALL_PATH = "$(LOCAL_LIBRARY_DIR)/Frameworks";
				LD_RUNPATH_SEARCH_PATHS = (
					"$(inherited)",
					"@executable_path/Frameworks",
					"@loader_path/Frameworks",
				);
				MARKETING_VERSION = 1.0;
				MODULE_VERIFIER_SUPPORTED_LANGUAGES = "objective-c objective-c++";
				MODULE_VERIFIER_SUPPORTED_LANGUAGE_STANDARDS = "gnu17 gnu++20";
				PRODUCT_BUNDLE_IDENTIFIER = com.z.ZTableView;
				PRODUCT_NAME = "$(TARGET_NAME:c99extidentifier)";
				SKIP_INSTALL = YES;
				SWIFT_EMIT_LOC_STRINGS = YES;
				SWIFT_INSTALL_OBJC_HEADER = NO;
				SWIFT_VERSION = 5.0;
				TARGETED_DEVICE_FAMILY = "1,2";
			};
			name = Release;
		};
		862C34B52BF6658400A353E5 /* Debug */ = {
			isa = XCBuildConfiguration;
			buildSettings = {
				ALWAYS_EMBED_SWIFT_STANDARD_LIBRARIES = YES;
				CODE_SIGN_STYLE = Automatic;
				CURRENT_PROJECT_VERSION = 1;
				DEVELOPMENT_TEAM = HYFTBH4WLL;
				GENERATE_INFOPLIST_FILE = YES;
				MARKETING_VERSION = 1.0;
				PRODUCT_BUNDLE_IDENTIFIER = com.z.ZTableViewTests;
				PRODUCT_NAME = "$(TARGET_NAME)";
				SWIFT_EMIT_LOC_STRINGS = NO;
				SWIFT_VERSION = 5.0;
				TARGETED_DEVICE_FAMILY = "1,2";
			};
			name = Debug;
		};
		862C34B62BF6658400A353E5 /* Release */ = {
			isa = XCBuildConfiguration;
			buildSettings = {
				ALWAYS_EMBED_SWIFT_STANDARD_LIBRARIES = YES;
				CODE_SIGN_STYLE = Automatic;
				CURRENT_PROJECT_VERSION = 1;
				DEVELOPMENT_TEAM = HYFTBH4WLL;
				GENERATE_INFOPLIST_FILE = YES;
				MARKETING_VERSION = 1.0;
				PRODUCT_BUNDLE_IDENTIFIER = com.z.ZTableViewTests;
				PRODUCT_NAME = "$(TARGET_NAME)";
				SWIFT_EMIT_LOC_STRINGS = NO;
				SWIFT_VERSION = 5.0;
				TARGETED_DEVICE_FAMILY = "1,2";
			};
			name = Release;
		};
		862C34E32BFA537600A353E5 /* Debug */ = {
			isa = XCBuildConfiguration;
			buildSettings = {
				ASSETCATALOG_COMPILER_APPICON_NAME = AppIcon;
				ASSETCATALOG_COMPILER_GLOBAL_ACCENT_COLOR_NAME = AccentColor;
				CODE_SIGN_ENTITLEMENTS = ZTableViewDemo/ZTableViewDemo.entitlements;
				CODE_SIGN_STYLE = Automatic;
				CURRENT_PROJECT_VERSION = 1;
				DEVELOPMENT_ASSET_PATHS = "\"ZTableViewDemo/Preview Content\"";
				DEVELOPMENT_TEAM = HYFTBH4WLL;
				ENABLE_HARDENED_RUNTIME = YES;
				ENABLE_PREVIEWS = YES;
				GENERATE_INFOPLIST_FILE = YES;
				"INFOPLIST_KEY_UIApplicationSceneManifest_Generation[sdk=iphoneos*]" = YES;
				"INFOPLIST_KEY_UIApplicationSceneManifest_Generation[sdk=iphonesimulator*]" = YES;
				"INFOPLIST_KEY_UIApplicationSupportsIndirectInputEvents[sdk=iphoneos*]" = YES;
				"INFOPLIST_KEY_UIApplicationSupportsIndirectInputEvents[sdk=iphonesimulator*]" = YES;
				"INFOPLIST_KEY_UILaunchScreen_Generation[sdk=iphoneos*]" = YES;
				"INFOPLIST_KEY_UILaunchScreen_Generation[sdk=iphonesimulator*]" = YES;
				"INFOPLIST_KEY_UIStatusBarStyle[sdk=iphoneos*]" = UIStatusBarStyleDefault;
				"INFOPLIST_KEY_UIStatusBarStyle[sdk=iphonesimulator*]" = UIStatusBarStyleDefault;
				INFOPLIST_KEY_UISupportedInterfaceOrientations_iPad = "UIInterfaceOrientationPortrait UIInterfaceOrientationPortraitUpsideDown UIInterfaceOrientationLandscapeLeft UIInterfaceOrientationLandscapeRight";
				INFOPLIST_KEY_UISupportedInterfaceOrientations_iPhone = "UIInterfaceOrientationPortrait UIInterfaceOrientationLandscapeLeft UIInterfaceOrientationLandscapeRight";
				IPHONEOS_DEPLOYMENT_TARGET = 17.5;
				LD_RUNPATH_SEARCH_PATHS = "@executable_path/Frameworks";
				"LD_RUNPATH_SEARCH_PATHS[sdk=macosx*]" = "@executable_path/../Frameworks";
				MACOSX_DEPLOYMENT_TARGET = 14.5;
				MARKETING_VERSION = 1.0;
				PRODUCT_BUNDLE_IDENTIFIER = com.z.ZTableViewDemo;
				PRODUCT_NAME = "$(TARGET_NAME)";
				SDKROOT = auto;
				SUPPORTED_PLATFORMS = "iphoneos iphonesimulator macosx";
				SWIFT_EMIT_LOC_STRINGS = YES;
				SWIFT_VERSION = 5.0;
				TARGETED_DEVICE_FAMILY = "1,2";
			};
			name = Debug;
		};
		862C34E42BFA537600A353E5 /* Release */ = {
			isa = XCBuildConfiguration;
			buildSettings = {
				ASSETCATALOG_COMPILER_APPICON_NAME = AppIcon;
				ASSETCATALOG_COMPILER_GLOBAL_ACCENT_COLOR_NAME = AccentColor;
				CODE_SIGN_ENTITLEMENTS = ZTableViewDemo/ZTableViewDemo.entitlements;
				CODE_SIGN_STYLE = Automatic;
				CURRENT_PROJECT_VERSION = 1;
				DEVELOPMENT_ASSET_PATHS = "\"ZTableViewDemo/Preview Content\"";
				DEVELOPMENT_TEAM = HYFTBH4WLL;
				ENABLE_HARDENED_RUNTIME = YES;
				ENABLE_PREVIEWS = YES;
				GENERATE_INFOPLIST_FILE = YES;
				"INFOPLIST_KEY_UIApplicationSceneManifest_Generation[sdk=iphoneos*]" = YES;
				"INFOPLIST_KEY_UIApplicationSceneManifest_Generation[sdk=iphonesimulator*]" = YES;
				"INFOPLIST_KEY_UIApplicationSupportsIndirectInputEvents[sdk=iphoneos*]" = YES;
				"INFOPLIST_KEY_UIApplicationSupportsIndirectInputEvents[sdk=iphonesimulator*]" = YES;
				"INFOPLIST_KEY_UILaunchScreen_Generation[sdk=iphoneos*]" = YES;
				"INFOPLIST_KEY_UILaunchScreen_Generation[sdk=iphonesimulator*]" = YES;
				"INFOPLIST_KEY_UIStatusBarStyle[sdk=iphoneos*]" = UIStatusBarStyleDefault;
				"INFOPLIST_KEY_UIStatusBarStyle[sdk=iphonesimulator*]" = UIStatusBarStyleDefault;
				INFOPLIST_KEY_UISupportedInterfaceOrientations_iPad = "UIInterfaceOrientationPortrait UIInterfaceOrientationPortraitUpsideDown UIInterfaceOrientationLandscapeLeft UIInterfaceOrientationLandscapeRight";
				INFOPLIST_KEY_UISupportedInterfaceOrientations_iPhone = "UIInterfaceOrientationPortrait UIInterfaceOrientationLandscapeLeft UIInterfaceOrientationLandscapeRight";
				IPHONEOS_DEPLOYMENT_TARGET = 17.5;
				LD_RUNPATH_SEARCH_PATHS = "@executable_path/Frameworks";
				"LD_RUNPATH_SEARCH_PATHS[sdk=macosx*]" = "@executable_path/../Frameworks";
				MACOSX_DEPLOYMENT_TARGET = 14.5;
				MARKETING_VERSION = 1.0;
				PRODUCT_BUNDLE_IDENTIFIER = com.z.ZTableViewDemo;
				PRODUCT_NAME = "$(TARGET_NAME)";
				SDKROOT = auto;
				SUPPORTED_PLATFORMS = "iphoneos iphonesimulator macosx";
				SWIFT_EMIT_LOC_STRINGS = YES;
				SWIFT_VERSION = 5.0;
				TARGETED_DEVICE_FAMILY = "1,2";
			};
			name = Release;
		};
		862C34E62BFA537600A353E5 /* Debug */ = {
			isa = XCBuildConfiguration;
			buildSettings = {
				ALWAYS_EMBED_SWIFT_STANDARD_LIBRARIES = YES;
				BUNDLE_LOADER = "$(TEST_HOST)";
				CODE_SIGN_STYLE = Automatic;
				CURRENT_PROJECT_VERSION = 1;
				DEVELOPMENT_TEAM = HYFTBH4WLL;
				GENERATE_INFOPLIST_FILE = YES;
				IPHONEOS_DEPLOYMENT_TARGET = 17.5;
				MACOSX_DEPLOYMENT_TARGET = 14.5;
				MARKETING_VERSION = 1.0;
				PRODUCT_BUNDLE_IDENTIFIER = com.z.ZTableViewDemoTests;
				PRODUCT_NAME = "$(TARGET_NAME)";
				SDKROOT = auto;
				SUPPORTED_PLATFORMS = "iphoneos iphonesimulator macosx";
				SWIFT_EMIT_LOC_STRINGS = NO;
				SWIFT_VERSION = 5.0;
				TARGETED_DEVICE_FAMILY = "1,2";
				TEST_HOST = "$(BUILT_PRODUCTS_DIR)/ZTableViewDemo.app/$(BUNDLE_EXECUTABLE_FOLDER_PATH)/ZTableViewDemo";
			};
			name = Debug;
		};
		862C34E72BFA537600A353E5 /* Release */ = {
			isa = XCBuildConfiguration;
			buildSettings = {
				ALWAYS_EMBED_SWIFT_STANDARD_LIBRARIES = YES;
				BUNDLE_LOADER = "$(TEST_HOST)";
				CODE_SIGN_STYLE = Automatic;
				CURRENT_PROJECT_VERSION = 1;
				DEVELOPMENT_TEAM = HYFTBH4WLL;
				GENERATE_INFOPLIST_FILE = YES;
				IPHONEOS_DEPLOYMENT_TARGET = 17.5;
				MACOSX_DEPLOYMENT_TARGET = 14.5;
				MARKETING_VERSION = 1.0;
				PRODUCT_BUNDLE_IDENTIFIER = com.z.ZTableViewDemoTests;
				PRODUCT_NAME = "$(TARGET_NAME)";
				SDKROOT = auto;
				SUPPORTED_PLATFORMS = "iphoneos iphonesimulator macosx";
				SWIFT_EMIT_LOC_STRINGS = NO;
				SWIFT_VERSION = 5.0;
				TARGETED_DEVICE_FAMILY = "1,2";
				TEST_HOST = "$(BUILT_PRODUCTS_DIR)/ZTableViewDemo.app/$(BUNDLE_EXECUTABLE_FOLDER_PATH)/ZTableViewDemo";
			};
			name = Release;
		};
		862C34E92BFA537600A353E5 /* Debug */ = {
			isa = XCBuildConfiguration;
			buildSettings = {
				ALWAYS_EMBED_SWIFT_STANDARD_LIBRARIES = YES;
				CODE_SIGN_STYLE = Automatic;
				CURRENT_PROJECT_VERSION = 1;
				DEVELOPMENT_TEAM = HYFTBH4WLL;
				GENERATE_INFOPLIST_FILE = YES;
				IPHONEOS_DEPLOYMENT_TARGET = 17.5;
				MACOSX_DEPLOYMENT_TARGET = 14.5;
				MARKETING_VERSION = 1.0;
				PRODUCT_BUNDLE_IDENTIFIER = com.z.ZTableViewDemoUITests;
				PRODUCT_NAME = "$(TARGET_NAME)";
				SDKROOT = auto;
				SUPPORTED_PLATFORMS = "iphoneos iphonesimulator macosx";
				SWIFT_EMIT_LOC_STRINGS = NO;
				SWIFT_VERSION = 5.0;
				TARGETED_DEVICE_FAMILY = "1,2";
				TEST_TARGET_NAME = ZTableViewDemo;
			};
			name = Debug;
		};
		862C34EA2BFA537600A353E5 /* Release */ = {
			isa = XCBuildConfiguration;
			buildSettings = {
				ALWAYS_EMBED_SWIFT_STANDARD_LIBRARIES = YES;
				CODE_SIGN_STYLE = Automatic;
				CURRENT_PROJECT_VERSION = 1;
				DEVELOPMENT_TEAM = HYFTBH4WLL;
				GENERATE_INFOPLIST_FILE = YES;
				IPHONEOS_DEPLOYMENT_TARGET = 17.5;
				MACOSX_DEPLOYMENT_TARGET = 14.5;
				MARKETING_VERSION = 1.0;
				PRODUCT_BUNDLE_IDENTIFIER = com.z.ZTableViewDemoUITests;
				PRODUCT_NAME = "$(TARGET_NAME)";
				SDKROOT = auto;
				SUPPORTED_PLATFORMS = "iphoneos iphonesimulator macosx";
				SWIFT_EMIT_LOC_STRINGS = NO;
				SWIFT_VERSION = 5.0;
				TARGETED_DEVICE_FAMILY = "1,2";
				TEST_TARGET_NAME = ZTableViewDemo;
			};
			name = Release;
		};
/* End XCBuildConfiguration section */

/* Begin XCConfigurationList section */
		862C34972BF6658300A353E5 /* Build configuration list for PBXProject "ZTableView" */ = {
			isa = XCConfigurationList;
			buildConfigurations = (
				862C34AF2BF6658400A353E5 /* Debug */,
				862C34B02BF6658400A353E5 /* Release */,
			);
			defaultConfigurationIsVisible = 0;
			defaultConfigurationName = Release;
		};
		862C34B12BF6658400A353E5 /* Build configuration list for PBXNativeTarget "ZTableView" */ = {
			isa = XCConfigurationList;
			buildConfigurations = (
				862C34B22BF6658400A353E5 /* Debug */,
				862C34B32BF6658400A353E5 /* Release */,
			);
			defaultConfigurationIsVisible = 0;
			defaultConfigurationName = Release;
		};
		862C34B42BF6658400A353E5 /* Build configuration list for PBXNativeTarget "ZTableViewTests" */ = {
			isa = XCConfigurationList;
			buildConfigurations = (
				862C34B52BF6658400A353E5 /* Debug */,
				862C34B62BF6658400A353E5 /* Release */,
			);
			defaultConfigurationIsVisible = 0;
			defaultConfigurationName = Release;
		};
		862C34E22BFA537600A353E5 /* Build configuration list for PBXNativeTarget "ZTableViewDemo" */ = {
			isa = XCConfigurationList;
			buildConfigurations = (
				862C34E32BFA537600A353E5 /* Debug */,
				862C34E42BFA537600A353E5 /* Release */,
			);
			defaultConfigurationIsVisible = 0;
			defaultConfigurationName = Release;
		};
		862C34E52BFA537600A353E5 /* Build configuration list for PBXNativeTarget "ZTableViewDemoTests" */ = {
			isa = XCConfigurationList;
			buildConfigurations = (
				862C34E62BFA537600A353E5 /* Debug */,
				862C34E72BFA537600A353E5 /* Release */,
			);
			defaultConfigurationIsVisible = 0;
			defaultConfigurationName = Release;
		};
		862C34E82BFA537600A353E5 /* Build configuration list for PBXNativeTarget "ZTableViewDemoUITests" */ = {
			isa = XCConfigurationList;
			buildConfigurations = (
				862C34E92BFA537600A353E5 /* Debug */,
				862C34EA2BFA537600A353E5 /* Release */,
			);
			defaultConfigurationIsVisible = 0;
			defaultConfigurationName = Release;
		};
/* End XCConfigurationList section */
	};
	rootObject = 862C34942BF6658300A353E5 /* Project object */;
}
